// !$*UTF8*$!
{
	archiveVersion = 1;
	classes = {
	};
	objectVersion = 46;
	objects = {

/* Begin PBXBuildFile section */
		00C887CD1C5D73450009A567 /* AppDelegate.swift in Sources */ = {isa = PBXBuildFile; fileRef = 00C887CC1C5D73450009A567 /* AppDelegate.swift */; };
		00C887D21C5D73450009A567 /* Main.storyboard in Resources */ = {isa = PBXBuildFile; fileRef = 00C887D01C5D73450009A567 /* Main.storyboard */; };
		00C887D41C5D73450009A567 /* Assets.xcassets in Resources */ = {isa = PBXBuildFile; fileRef = 00C887D31C5D73450009A567 /* Assets.xcassets */; };
		00C887D71C5D73450009A567 /* LaunchScreen.storyboard in Resources */ = {isa = PBXBuildFile; fileRef = 00C887D51C5D73450009A567 /* LaunchScreen.storyboard */; };
		00C887DF1C5D744F0009A567 /* MoviesViewController.swift in Sources */ = {isa = PBXBuildFile; fileRef = 00C887DE1C5D744F0009A567 /* MoviesViewController.swift */; };
		00C887E21C5D81F10009A567 /* MovieCell.swift in Sources */ = {isa = PBXBuildFile; fileRef = 00C887E11C5D81F10009A567 /* MovieCell.swift */; };
/* End PBXBuildFile section */

/* Begin PBXFileReference section */
		00C887C91C5D73450009A567 /* MovieViewer.app */ = {isa = PBXFileReference; explicitFileType = wrapper.application; includeInIndex = 0; path = MovieViewer.app; sourceTree = BUILT_PRODUCTS_DIR; };
		00C887CC1C5D73450009A567 /* AppDelegate.swift */ = {isa = PBXFileReference; lastKnownFileType = sourcecode.swift; path = AppDelegate.swift; sourceTree = "<group>"; };
		00C887D11C5D73450009A567 /* Base */ = {isa = PBXFileReference; lastKnownFileType = file.storyboard; name = Base; path = Base.lproj/Main.storyboard; sourceTree = "<group>"; };
		00C887D31C5D73450009A567 /* Assets.xcassets */ = {isa = PBXFileReference; lastKnownFileType = folder.assetcatalog; path = Assets.xcassets; sourceTree = "<group>"; };
		00C887D61C5D73450009A567 /* Base */ = {isa = PBXFileReference; lastKnownFileType = file.storyboard; name = Base; path = Base.lproj/LaunchScreen.storyboard; sourceTree = "<group>"; };
		00C887D81C5D73450009A567 /* Info.plist */ = {isa = PBXFileReference; lastKnownFileType = text.plist.xml; path = Info.plist; sourceTree = "<group>"; };
		00C887DE1C5D744F0009A567 /* MoviesViewController.swift */ = {isa = PBXFileReference; fileEncoding = 4; lastKnownFileType = sourcecode.swift; path = MoviesViewController.swift; sourceTree = "<group>"; };
		00C887E11C5D81F10009A567 /* MovieCell.swift */ = {isa = PBXFileReference; fileEncoding = 4; lastKnownFileType = sourcecode.swift; path = MovieCell.swift; sourceTree = "<group>"; };
/* End PBXFileReference section */

/* Begin PBXFrameworksBuildPhase section */
		00C887C61C5D73450009A567 /* Frameworks */ = {
			isa = PBXFrameworksBuildPhase;
			buildActionMask = 2147483647;
			files = (
			);
			runOnlyForDeploymentPostprocessing = 0;
		};
/* End PBXFrameworksBuildPhase section */

/* Begin PBXGroup section */
		00C887C01C5D73450009A567 = {
			isa = PBXGroup;
			children = (
				00C887CB1C5D73450009A567 /* MovieViewer */,
				00C887CA1C5D73450009A567 /* Products */,
			);
			sourceTree = "<group>";
		};
		00C887CA1C5D73450009A567 /* Products */ = {
			isa = PBXGroup;
			children = (
				00C887C91C5D73450009A567 /* MovieViewer.app */,
			);
			name = Products;
			sourceTree = "<group>";
		};
		00C887CB1C5D73450009A567 /* MovieViewer */ = {
			isa = PBXGroup;
			children = (
				00C887E31C5D820C0009A567 /* View Controllers */,
				00C887E01C5D81A30009A567 /* Views */,
				00C887CC1C5D73450009A567 /* AppDelegate.swift */,
				00C887D01C5D73450009A567 /* Main.storyboard */,
				00C887D31C5D73450009A567 /* Assets.xcassets */,
				00C887D51C5D73450009A567 /* LaunchScreen.storyboard */,
				00C887D81C5D73450009A567 /* Info.plist */,
			);
			path = MovieViewer;
			sourceTree = "<group>";
		};
		00C887E01C5D81A30009A567 /* Views */ = {
			isa = PBXGroup;
			children = (
				00C887E11C5D81F10009A567 /* MovieCell.swift */,
			);
			name = Views;
			sourceTree = "<group>";
		};
		00C887E31C5D820C0009A567 /* View Controllers */ = {
			isa = PBXGroup;
			children = (
				00C887DE1C5D744F0009A567 /* MoviesViewController.swift */,
			);
			name = "View Controllers";
			sourceTree = "<group>";
		};
/* End PBXGroup section */

/* Begin PBXNativeTarget section */
		00C887C81C5D73450009A567 /* MovieViewer */ = {
			isa = PBXNativeTarget;
			buildConfigurationList = 00C887DB1C5D73450009A567 /* Build configuration list for PBXNativeTarget "MovieViewer" */;
			buildPhases = (
				00C887C51C5D73450009A567 /* Sources */,
				00C887C61C5D73450009A567 /* Frameworks */,
				00C887C71C5D73450009A567 /* Resources */,
			);
			buildRules = (
			);
			dependencies = (
			);
			name = MovieViewer;
			productName = MovieViewer;
			productReference = 00C887C91C5D73450009A567 /* MovieViewer.app */;
			productType = "com.apple.product-type.application";
		};
/* End PBXNativeTarget section */

/* Begin PBXProject section */
		00C887C11C5D73450009A567 /* Project object */ = {
			isa = PBXProject;
			attributes = {
				LastSwiftUpdateCheck = 0720;
				LastUpgradeCheck = 0720;
				ORGANIZATIONNAME = "Devon Maguire";
				TargetAttributes = {
					00C887C81C5D73450009A567 = {
						CreatedOnToolsVersion = 7.2;
					};
				};
			};
			buildConfigurationList = 00C887C41C5D73450009A567 /* Build configuration list for PBXProject "MovieViewer" */;
			compatibilityVersion = "Xcode 3.2";
			developmentRegion = English;
			hasScannedForEncodings = 0;
			knownRegions = (
				en,
				Base,
			);
			mainGroup = 00C887C01C5D73450009A567;
			productRefGroup = 00C887CA1C5D73450009A567 /* Products */;
			projectDirPath = "";
			projectRoot = "";
			targets = (
				00C887C81C5D73450009A567 /* MovieViewer */,
			);
		};
/* End PBXProject section */

/* Begin PBXResourcesBuildPhase section */
		00C887C71C5D73450009A567 /* Resources */ = {
			isa = PBXResourcesBuildPhase;
			buildActionMask = 2147483647;
			files = (
				00C887D71C5D73450009A567 /* LaunchScreen.storyboard in Resources */,
				00C887D41C5D73450009A567 /* Assets.xcassets in Resources */,
				00C887D21C5D73450009A567 /* Main.storyboard in Resources */,
			);
			runOnlyForDeploymentPostprocessing = 0;
		};
/* End PBXResourcesBuildPhase section */

/* Begin PBXSourcesBuildPhase section */
		00C887C51C5D73450009A567 /* Sources */ = {
			isa = PBXSourcesBuildPhase;
			buildActionMask = 2147483647;
			files = (
				00C887CD1C5D73450009A567 /* AppDelegate.swift in Sources */,
				00C887DF1C5D744F0009A567 /* MoviesViewController.swift in Sources */,
				00C887E21C5D81F10009A567 /* MovieCell.swift in Sources */,
			);
			runOnlyForDeploymentPostprocessing = 0;
		};
/* End PBXSourcesBuildPhase section */

/* Begin PBXVariantGroup section */
		00C887D01C5D73450009A567 /* Main.storyboard */ = {
			isa = PBXVariantGroup;
			children = (
				00C887D11C5D73450009A567 /* Base */,
			);
			name = Main.storyboard;
			sourceTree = "<group>";
		};
		00C887D51C5D73450009A567 /* LaunchScreen.storyboard */ = {
			isa = PBXVariantGroup;
			children = (
				00C887D61C5D73450009A567 /* Base */,
			);
			name = LaunchScreen.storyboard;
			sourceTree = "<group>";
		};
/* End PBXVariantGroup section */

/* Begin XCBuildConfiguration section */
		00C887D91C5D73450009A567 /* Debug */ = {
			isa = XCBuildConfiguration;
			buildSettings = {
				ALWAYS_SEARCH_USER_PATHS = NO;
				CLANG_CXX_LANGUAGE_STANDARD = "gnu++0x";
				CLANG_CXX_LIBRARY = "libc++";
				CLANG_ENABLE_MODULES = YES;
				CLANG_ENABLE_OBJC_ARC = YES;
				CLANG_WARN_BOOL_CONVERSION = YES;
				CLANG_WARN_CONSTANT_CONVERSION = YES;
				CLANG_WARN_DIRECT_OBJC_ISA_USAGE = YES_ERROR;
				CLANG_WARN_EMPTY_BODY = YES;
				CLANG_WARN_ENUM_CONVERSION = YES;
				CLANG_WARN_INT_CONVERSION = YES;
				CLANG_WARN_OBJC_ROOT_CLASS = YES_ERROR;
				CLANG_WARN_UNREACHABLE_CODE = YES;
				CLANG_WARN__DUPLICATE_METHOD_MATCH = YES;
				"CODE_SIGN_IDENTITY[sdk=iphoneos*]" = "iPhone Developer";
				COPY_PHASE_STRIP = NO;
				DEBUG_INFORMATION_FORMAT = dwarf;
				ENABLE_STRICT_OBJC_MSGSEND = YES;
				ENABLE_TESTABILITY = YES;
				GCC_C_LANGUAGE_STANDARD = gnu99;
				GCC_DYNAMIC_NO_PIC = NO;
				GCC_NO_COMMON_BLOCKS = YES;
				GCC_OPTIMIZATION_LEVEL = 0;
				GCC_PREPROCESSOR_DEFINITIONS = (
					"DEBUG=1",
					"$(inherited)",
				);
				GCC_WARN_64_TO_32_BIT_CONVERSION = YES;
				GCC_WARN_ABOUT_RETURN_TYPE = YES_ERROR;
				GCC_WARN_UNDECLARED_SELECTOR = YES;
				GCC_WARN_UNINITIALIZED_AUTOS = YES_AGGRESSIVE;
				GCC_WARN_UNUSED_FUNCTION = YES;
				GCC_WARN_UNUSED_VARIABLE = YES;
				IPHONEOS_DEPLOYMENT_TARGET = 9.2;
				MTL_ENABLE_DEBUG_INFO = YES;
				ONLY_ACTIVE_ARCH = YES;
				SDKROOT = iphoneos;
				SWIFT_OPTIMIZATION_LEVEL = "-Onone";
				TARGETED_DEVICE_FAMILY = "1,2";
			};
			name = Debug;
		};
		00C887DA1C5D73450009A567 /* Release */ = {
			isa = XCBuildConfiguration;
			buildSettings = {
				ALWAYS_SEARCH_USER_PATHS = NO;
				CLANG_CXX_LANGUAGE_STANDARD = "gnu++0x";
				CLANG_CXX_LIBRARY = "libc++";
				CLANG_ENABLE_MODULES = YES;
				CLANG_ENABLE_OBJC_ARC = YES;
				CLANG_WARN_BOOL_CONVERSION = YES;
				CLANG_WARN_CONSTANT_CONVERSION = YES;
				CLANG_WARN_DIRECT_OBJC_ISA_USAGE = YES_ERROR;
				CLANG_WARN_EMPTY_BODY = YES;
				CLANG_WARN_ENUM_CONVERSION = YES;
				CLANG_WARN_INT_CONVERSION = YES;
				CLANG_WARN_OBJC_ROOT_CLASS = YES_ERROR;
				CLANG_WARN_UNREACHABLE_CODE = YES;
				CLANG_WARN__DUPLICATE_METHOD_MATCH = YES;
				"CODE_SIGN_IDENTITY[sdk=iphoneos*]" = "iPhone Developer";
				COPY_PHASE_STRIP = NO;
				DEBUG_INFORMATION_FORMAT = "dwarf-with-dsym";
				ENABLE_NS_ASSERTIONS = NO;
				ENABLE_STRICT_OBJC_MSGSEND = YES;
				GCC_C_LANGUAGE_STANDARD = gnu99;
				GCC_NO_COMMON_BLOCKS = YES;
				GCC_WARN_64_TO_32_BIT_CONVERSION = YES;
				GCC_WARN_ABOUT_RETURN_TYPE = YES_ERROR;
				GCC_WARN_UNDECLARED_SELECTOR = YES;
				GCC_WARN_UNINITIALIZED_AUTOS = YES_AGGRESSIVE;
				GCC_WARN_UNUSED_FUNCTION = YES;
				GCC_WARN_UNUSED_VARIABLE = YES;
				IPHONEOS_DEPLOYMENT_TARGET = 9.2;
				MTL_ENABLE_DEBUG_INFO = NO;
				SDKROOT = iphoneos;
				TARGETED_DEVICE_FAMILY = "1,2";
				VALIDATE_PRODUCT = YES;
			};
			name = Release;
		};
		00C887DC1C5D73450009A567 /* Debug */ = {
			isa = XCBuildConfiguration;
			buildSettings = {
				ASSETCATALOG_COMPILER_APPICON_NAME = AppIcon;
				INFOPLIST_FILE = MovieViewer/Info.plist;
				LD_RUNPATH_SEARCH_PATHS = "$(inherited) @executable_path/Frameworks";
				PRODUCT_BUNDLE_IDENTIFIER = "Devon-Maguire.MovieViewer";
				PRODUCT_NAME = "$(TARGET_NAME)";
			};
			name = Debug;
		};
		00C887DD1C5D73450009A567 /* Release */ = {
			isa = XCBuildConfiguration;
			buildSettings = {
				ASSETCATALOG_COMPILER_APPICON_NAME = AppIcon;
				INFOPLIST_FILE = MovieViewer/Info.plist;
				LD_RUNPATH_SEARCH_PATHS = "$(inherited) @executable_path/Frameworks";
				PRODUCT_BUNDLE_IDENTIFIER = "Devon-Maguire.MovieViewer";
				PRODUCT_NAME = "$(TARGET_NAME)";
			};
			name = Release;
		};
/* End XCBuildConfiguration section */

/* Begin XCConfigurationList section */
		00C887C41C5D73450009A567 /* Build configuration list for PBXProject "MovieViewer" */ = {
			isa = XCConfigurationList;
			buildConfigurations = (
				00C887D91C5D73450009A567 /* Debug */,
				00C887DA1C5D73450009A567 /* Release */,
			);
			defaultConfigurationIsVisible = 0;
			defaultConfigurationName = Release;
		};
		00C887DB1C5D73450009A567 /* Build configuration list for PBXNativeTarget "MovieViewer" */ = {
			isa = XCConfigurationList;
			buildConfigurations = (
				00C887DC1C5D73450009A567 /* Debug */,
				00C887DD1C5D73450009A567 /* Release */,
			);
			defaultConfigurationIsVisible = 0;
		};
/* End XCConfigurationList section */
	};
	rootObject = 00C887C11C5D73450009A567 /* Project object */;
}
